
Microsoft Visual Studio Solution File, Format Version 12.00
# Visual Studio Version 16
VisualStudioVersion = 16.0.30128.74
MinimumVisualStudioVersion = 10.0.40219.1
Project("{FAE04EC0-301F-11D3-BF4B-00C04F79EFBC}") = "Flocking", "Flocking.csproj", "{B7EA14BE-562F-4369-9274-F2FFDB76CE02}"
EndProject
Global
	GlobalSection(SolutionConfigurationPlatforms) = preSolution
		Debug|Any CPU = Debug|Any CPU
		Release|Any CPU = Release|Any CPU
	EndGlobalSection
	GlobalSection(ProjectConfigurationPlatforms) = postSolution
		{B7EA14BE-562F-4369-9274-F2FFDB76CE02}.Debug|Any CPU.ActiveCfg = Debug|Any CPU
		{B7EA14BE-562F-4369-9274-F2FFDB76CE02}.Debug|Any CPU.Build.0 = Debug|Any CPU
		{B7EA14BE-562F-4369-9274-F2FFDB76CE02}.Release|Any CPU.ActiveCfg = Release|Any CPU
		{B7EA14BE-562F-4369-9274-F2FFDB76CE02}.Release|Any CPU.Build.0 = Release|Any CPU
	EndGlobalSection
	GlobalSection(SolutionProperties) = preSolution
		HideSolutionNode = FALSE
	EndGlobalSection
	GlobalSection(ExtensibilityGlobals) = postSolution
		SolutionGuid = {EB97A7DF-8A93-45CD-B74A-EE5CBC7ED1EE}
	EndGlobalSection
EndGlobal
