
Microsoft Visual Studio Solution File, Format Version 12.00
# Visual Studio Version 17
VisualStudioVersion = 17.11.35312.102
MinimumVisualStudioVersion = 10.0.40219.1
Project("{9A19103F-16F7-4668-BE54-9A1E7A4F7556}") = "Fire-bitmap", "MVVM-bitmap\Fire-bitmap.csproj", "{CABDC809-3C0E-4ACB-A6AB-E11C25C78F5E}"
EndProject
Global
	GlobalSection(SolutionConfigurationPlatforms) = preSolution
		Debug|Any CPU = Debug|Any CPU
		Release|Any CPU = Release|Any CPU
	EndGlobalSection
	GlobalSection(ProjectConfigurationPlatforms) = postSolution
		{CABDC809-3C0E-4ACB-A6AB-E11C25C78F5E}.Debug|Any CPU.ActiveCfg = Debug|Any CPU
		{CABDC809-3C0E-4ACB-A6AB-E11C25C78F5E}.Debug|Any CPU.Build.0 = Debug|Any CPU
		{CABDC809-3C0E-4ACB-A6AB-E11C25C78F5E}.Release|Any CPU.ActiveCfg = Release|Any CPU
		{CABDC809-3C0E-4ACB-A6AB-E11C25C78F5E}.Release|Any CPU.Build.0 = Release|Any CPU
	EndGlobalSection
	GlobalSection(SolutionProperties) = preSolution
		HideSolutionNode = FALSE
	EndGlobalSection
	GlobalSection(ExtensibilityGlobals) = postSolution
		SolutionGuid = {3B1BAB1E-74DC-4726-B8CA-409846CA7468}
	EndGlobalSection
EndGlobal
